
Microsoft Visual Studio Solution File, Format Version 11.00
# Visual Basic Express 2010
Project("{F184B08F-C81C-45F6-A57F-5ABD9991F28F}") = "Farmatec", "Farmatec\Farmatec.vbproj", "{BD62D0B1-862B-4742-BBB7-DDEFE6E7E6C3}"
EndProject
Global
	GlobalSection(SolutionConfigurationPlatforms) = preSolution
		Debug|x86 = Debug|x86
		Release|x86 = Release|x86
	EndGlobalSection
	GlobalSection(ProjectConfigurationPlatforms) = postSolution
		{BD62D0B1-862B-4742-BBB7-DDEFE6E7E6C3}.Debug|x86.ActiveCfg = Debug|x86
		{BD62D0B1-862B-4742-BBB7-DDEFE6E7E6C3}.Debug|x86.Build.0 = Debug|x86
		{BD62D0B1-862B-4742-BBB7-DDEFE6E7E6C3}.Release|x86.ActiveCfg = Release|x86
		{BD62D0B1-862B-4742-BBB7-DDEFE6E7E6C3}.Release|x86.Build.0 = Release|x86
	EndGlobalSection
	GlobalSection(SolutionProperties) = preSolution
		HideSolutionNode = FALSE
	EndGlobalSection
EndGlobal
